
Microsoft Visual Studio Solution File, Format Version 12.00
# Visual Studio Version 16
VisualStudioVersion = 16.0.30320.27
MinimumVisualStudioVersion = 10.0.40219.1
Project("{FAE04EC0-301F-11D3-BF4B-00C04F79EFBC}") = "ApiClientService", "ApiClientService\ApiClientService.csproj", "{04E74BEA-0C78-45C4-BCAC-578F7C4445CC}"
EndProject
Global
	GlobalSection(SolutionConfigurationPlatforms) = preSolution
		Debug|Any CPU = Debug|Any CPU
		Release|Any CPU = Release|Any CPU
	EndGlobalSection
	GlobalSection(ProjectConfigurationPlatforms) = postSolution
		{04E74BEA-0C78-45C4-BCAC-578F7C4445CC}.Debug|Any CPU.ActiveCfg = Debug|Any CPU
		{04E74BEA-0C78-45C4-BCAC-578F7C4445CC}.Debug|Any CPU.Build.0 = Debug|Any CPU
		{04E74BEA-0C78-45C4-BCAC-578F7C4445CC}.Release|Any CPU.ActiveCfg = Release|Any CPU
		{04E74BEA-0C78-45C4-BCAC-578F7C4445CC}.Release|Any CPU.Build.0 = Release|Any CPU
	EndGlobalSection
	GlobalSection(SolutionProperties) = preSolution
		HideSolutionNode = FALSE
	EndGlobalSection
	GlobalSection(ExtensibilityGlobals) = postSolution
		SolutionGuid = {7E85AE56-F2C1-450F-8743-4E1EAC77024E}
	EndGlobalSection
EndGlobal
